// !$*UTF8*$!
{
	archiveVersion = 1;
	classes = {
	};
	objectVersion = 55;
	objects = {

/* Begin PBXBuildFile section */
		BB4A361A293DFC1200620796 /* AppDelegate.swift in Sources */ = {isa = PBXBuildFile; fileRef = BB4A3619293DFC1200620796 /* AppDelegate.swift */; };
		BB4A361C293DFC1200620796 /* SceneDelegate.swift in Sources */ = {isa = PBXBuildFile; fileRef = BB4A361B293DFC1200620796 /* SceneDelegate.swift */; };
		BB4A361E293DFC1200620796 /* ViewController.swift in Sources */ = {isa = PBXBuildFile; fileRef = BB4A361D293DFC1200620796 /* ViewController.swift */; };
		BB4A3621293DFC1200620796 /* Main.storyboard in Resources */ = {isa = PBXBuildFile; fileRef = BB4A361F293DFC1200620796 /* Main.storyboard */; };
		BB4A3623293DFC1300620796 /* Assets.xcassets in Resources */ = {isa = PBXBuildFile; fileRef = BB4A3622293DFC1300620796 /* Assets.xcassets */; };
		BB4A3626293DFC1300620796 /* LaunchScreen.storyboard in Resources */ = {isa = PBXBuildFile; fileRef = BB4A3624293DFC1300620796 /* LaunchScreen.storyboard */; };
		BB4A3631293DFC1400620796 /* ExampleTests.swift in Sources */ = {isa = PBXBuildFile; fileRef = BB4A3630293DFC1400620796 /* ExampleTests.swift */; };
		BB4A363B293DFC1400620796 /* ExampleUITests.swift in Sources */ = {isa = PBXBuildFile; fileRef = BB4A363A293DFC1400620796 /* ExampleUITests.swift */; };
		BB4A363D293DFC1400620796 /* ExampleUITestsLaunchTests.swift in Sources */ = {isa = PBXBuildFile; fileRef = BB4A363C293DFC1400620796 /* ExampleUITestsLaunchTests.swift */; };
		BB4A3648293DFC3300620796 /* MPInjector.framework in Frameworks */ = {isa = PBXBuildFile; fileRef = BBFBDF45289C2B3F00C66B46 /* MPInjector.framework */; };
		BB4A3649293DFC3400620796 /* MPInjector.framework in Embed Frameworks */ = {isa = PBXBuildFile; fileRef = BBFBDF45289C2B3F00C66B46 /* MPInjector.framework */; settings = {ATTRIBUTES = (CodeSignOnCopy, RemoveHeadersOnCopy, ); }; };
		BB4A364E293DFC6100620796 /* API.swift in Sources */ = {isa = PBXBuildFile; fileRef = BB4A364D293DFC6100620796 /* API.swift */; };
		BB4A3650293DFCC400620796 /* Local.swift in Sources */ = {isa = PBXBuildFile; fileRef = BB4A364F293DFCC400620796 /* Local.swift */; };
		BB4A3654293DFD1D00620796 /* AppInjector.swift in Sources */ = {isa = PBXBuildFile; fileRef = BB4A3653293DFD1D00620796 /* AppInjector.swift */; };
		BB4A3656293DFE1B00620796 /* ViewModel.swift in Sources */ = {isa = PBXBuildFile; fileRef = BB4A3655293DFE1B00620796 /* ViewModel.swift */; };
		BBFBDF50289C2B4000C66B46 /* MPInjector.framework in Frameworks */ = {isa = PBXBuildFile; fileRef = BBFBDF45289C2B3F00C66B46 /* MPInjector.framework */; };
		BBFBDF55289C2B4000C66B46 /* MPInjectorTests.swift in Sources */ = {isa = PBXBuildFile; fileRef = BBFBDF54289C2B4000C66B46 /* MPInjectorTests.swift */; };
		BBFBDF56289C2B4000C66B46 /* MPInjector.h in Headers */ = {isa = PBXBuildFile; fileRef = BBFBDF48289C2B3F00C66B46 /* MPInjector.h */; settings = {ATTRIBUTES = (Public, ); }; };
		BBFBDF65289C2B6F00C66B46 /* MPInjector+Errors.swift in Sources */ = {isa = PBXBuildFile; fileRef = BBFBDF5F289C2B6F00C66B46 /* MPInjector+Errors.swift */; };
		BBFBDF66289C2B6F00C66B46 /* ComponentProtocol.swift in Sources */ = {isa = PBXBuildFile; fileRef = BBFBDF60289C2B6F00C66B46 /* ComponentProtocol.swift */; };
		BBFBDF67289C2B6F00C66B46 /* MPInjector+PropertyWrappers.swift in Sources */ = {isa = PBXBuildFile; fileRef = BBFBDF61289C2B6F00C66B46 /* MPInjector+PropertyWrappers.swift */; };
		BBFBDF68289C2B6F00C66B46 /* MPInjector.swift in Sources */ = {isa = PBXBuildFile; fileRef = BBFBDF62289C2B6F00C66B46 /* MPInjector.swift */; };
		BBFBDF69289C2B6F00C66B46 /* Component.swift in Sources */ = {isa = PBXBuildFile; fileRef = BBFBDF63289C2B6F00C66B46 /* Component.swift */; };
		BBFBDF6A289C2B6F00C66B46 /* Lifetime.swift in Sources */ = {isa = PBXBuildFile; fileRef = BBFBDF64289C2B6F00C66B46 /* Lifetime.swift */; };
		BBFBDF6C289C2B7A00C66B46 /* SimpleClass.swift in Sources */ = {isa = PBXBuildFile; fileRef = BBFBDF6B289C2B7A00C66B46 /* SimpleClass.swift */; };
/* End PBXBuildFile section */

/* Begin PBXContainerItemProxy section */
		BB4A362D293DFC1400620796 /* PBXContainerItemProxy */ = {
			isa = PBXContainerItemProxy;
			containerPortal = BBFBDF3C289C2B3F00C66B46 /* Project object */;
			proxyType = 1;
			remoteGlobalIDString = BB4A3616293DFC1200620796;
			remoteInfo = Example;
		};
		BB4A3637293DFC1400620796 /* PBXContainerItemProxy */ = {
			isa = PBXContainerItemProxy;
			containerPortal = BBFBDF3C289C2B3F00C66B46 /* Project object */;
			proxyType = 1;
			remoteGlobalIDString = BB4A3616293DFC1200620796;
			remoteInfo = Example;
		};
		BB4A364A293DFC3400620796 /* PBXContainerItemProxy */ = {
			isa = PBXContainerItemProxy;
			containerPortal = BBFBDF3C289C2B3F00C66B46 /* Project object */;
			proxyType = 1;
			remoteGlobalIDString = BBFBDF44289C2B3F00C66B46;
			remoteInfo = MPInjector;
		};
		BBFBDF51289C2B4000C66B46 /* PBXContainerItemProxy */ = {
			isa = PBXContainerItemProxy;
			containerPortal = BBFBDF3C289C2B3F00C66B46 /* Project object */;
			proxyType = 1;
			remoteGlobalIDString = BBFBDF44289C2B3F00C66B46;
			remoteInfo = TinyInjector;
		};
/* End PBXContainerItemProxy section */

/* Begin PBXCopyFilesBuildPhase section */
		BB4A364C293DFC3400620796 /* Embed Frameworks */ = {
			isa = PBXCopyFilesBuildPhase;
			buildActionMask = 2147483647;
			dstPath = "";
			dstSubfolderSpec = 10;
			files = (
				BB4A3649293DFC3400620796 /* MPInjector.framework in Embed Frameworks */,
			);
			name = "Embed Frameworks";
			runOnlyForDeploymentPostprocessing = 0;
		};
/* End PBXCopyFilesBuildPhase section */

/* Begin PBXFileReference section */
		BB4A3617293DFC1200620796 /* Example.app */ = {isa = PBXFileReference; explicitFileType = wrapper.application; includeInIndex = 0; path = Example.app; sourceTree = BUILT_PRODUCTS_DIR; };
		BB4A3619293DFC1200620796 /* AppDelegate.swift */ = {isa = PBXFileReference; lastKnownFileType = sourcecode.swift; path = AppDelegate.swift; sourceTree = "<group>"; };
		BB4A361B293DFC1200620796 /* SceneDelegate.swift */ = {isa = PBXFileReference; lastKnownFileType = sourcecode.swift; path = SceneDelegate.swift; sourceTree = "<group>"; };
		BB4A361D293DFC1200620796 /* ViewController.swift */ = {isa = PBXFileReference; lastKnownFileType = sourcecode.swift; path = ViewController.swift; sourceTree = "<group>"; };
		BB4A3620293DFC1200620796 /* Base */ = {isa = PBXFileReference; lastKnownFileType = file.storyboard; name = Base; path = Base.lproj/Main.storyboard; sourceTree = "<group>"; };
		BB4A3622293DFC1300620796 /* Assets.xcassets */ = {isa = PBXFileReference; lastKnownFileType = folder.assetcatalog; path = Assets.xcassets; sourceTree = "<group>"; };
		BB4A3625293DFC1300620796 /* Base */ = {isa = PBXFileReference; lastKnownFileType = file.storyboard; name = Base; path = Base.lproj/LaunchScreen.storyboard; sourceTree = "<group>"; };
		BB4A3627293DFC1300620796 /* Info.plist */ = {isa = PBXFileReference; lastKnownFileType = text.plist.xml; path = Info.plist; sourceTree = "<group>"; };
		BB4A362C293DFC1400620796 /* ExampleTests.xctest */ = {isa = PBXFileReference; explicitFileType = wrapper.cfbundle; includeInIndex = 0; path = ExampleTests.xctest; sourceTree = BUILT_PRODUCTS_DIR; };
		BB4A3630293DFC1400620796 /* ExampleTests.swift */ = {isa = PBXFileReference; lastKnownFileType = sourcecode.swift; path = ExampleTests.swift; sourceTree = "<group>"; };
		BB4A3636293DFC1400620796 /* ExampleUITests.xctest */ = {isa = PBXFileReference; explicitFileType = wrapper.cfbundle; includeInIndex = 0; path = ExampleUITests.xctest; sourceTree = BUILT_PRODUCTS_DIR; };
		BB4A363A293DFC1400620796 /* ExampleUITests.swift */ = {isa = PBXFileReference; lastKnownFileType = sourcecode.swift; path = ExampleUITests.swift; sourceTree = "<group>"; };
		BB4A363C293DFC1400620796 /* ExampleUITestsLaunchTests.swift */ = {isa = PBXFileReference; lastKnownFileType = sourcecode.swift; path = ExampleUITestsLaunchTests.swift; sourceTree = "<group>"; };
		BB4A364D293DFC6100620796 /* API.swift */ = {isa = PBXFileReference; lastKnownFileType = sourcecode.swift; path = API.swift; sourceTree = "<group>"; };
		BB4A364F293DFCC400620796 /* Local.swift */ = {isa = PBXFileReference; lastKnownFileType = sourcecode.swift; path = Local.swift; sourceTree = "<group>"; };
		BB4A3653293DFD1D00620796 /* AppInjector.swift */ = {isa = PBXFileReference; lastKnownFileType = sourcecode.swift; path = AppInjector.swift; sourceTree = "<group>"; };
		BB4A3655293DFE1B00620796 /* ViewModel.swift */ = {isa = PBXFileReference; lastKnownFileType = sourcecode.swift; path = ViewModel.swift; sourceTree = "<group>"; };
		BBFBDF45289C2B3F00C66B46 /* MPInjector.framework */ = {isa = PBXFileReference; explicitFileType = wrapper.framework; includeInIndex = 0; path = MPInjector.framework; sourceTree = BUILT_PRODUCTS_DIR; };
		BBFBDF48289C2B3F00C66B46 /* MPInjector.h */ = {isa = PBXFileReference; lastKnownFileType = sourcecode.c.h; path = MPInjector.h; sourceTree = "<group>"; };
		BBFBDF4F289C2B4000C66B46 /* MPInjectorTests.xctest */ = {isa = PBXFileReference; explicitFileType = wrapper.cfbundle; includeInIndex = 0; path = MPInjectorTests.xctest; sourceTree = BUILT_PRODUCTS_DIR; };
		BBFBDF54289C2B4000C66B46 /* MPInjectorTests.swift */ = {isa = PBXFileReference; lastKnownFileType = sourcecode.swift; path = MPInjectorTests.swift; sourceTree = "<group>"; };
		BBFBDF5F289C2B6F00C66B46 /* MPInjector+Errors.swift */ = {isa = PBXFileReference; fileEncoding = 4; lastKnownFileType = sourcecode.swift; path = "MPInjector+Errors.swift"; sourceTree = "<group>"; };
		BBFBDF60289C2B6F00C66B46 /* ComponentProtocol.swift */ = {isa = PBXFileReference; fileEncoding = 4; lastKnownFileType = sourcecode.swift; path = ComponentProtocol.swift; sourceTree = "<group>"; };
		BBFBDF61289C2B6F00C66B46 /* MPInjector+PropertyWrappers.swift */ = {isa = PBXFileReference; fileEncoding = 4; lastKnownFileType = sourcecode.swift; path = "MPInjector+PropertyWrappers.swift"; sourceTree = "<group>"; };
		BBFBDF62289C2B6F00C66B46 /* MPInjector.swift */ = {isa = PBXFileReference; fileEncoding = 4; lastKnownFileType = sourcecode.swift; path = MPInjector.swift; sourceTree = "<group>"; };
		BBFBDF63289C2B6F00C66B46 /* Component.swift */ = {isa = PBXFileReference; fileEncoding = 4; lastKnownFileType = sourcecode.swift; path = Component.swift; sourceTree = "<group>"; };
		BBFBDF64289C2B6F00C66B46 /* Lifetime.swift */ = {isa = PBXFileReference; fileEncoding = 4; lastKnownFileType = sourcecode.swift; path = Lifetime.swift; sourceTree = "<group>"; };
		BBFBDF6B289C2B7A00C66B46 /* SimpleClass.swift */ = {isa = PBXFileReference; fileEncoding = 4; lastKnownFileType = sourcecode.swift; path = SimpleClass.swift; sourceTree = "<group>"; };
/* End PBXFileReference section */

/* Begin PBXFrameworksBuildPhase section */
		BB4A3614293DFC1200620796 /* Frameworks */ = {
			isa = PBXFrameworksBuildPhase;
			buildActionMask = 2147483647;
			files = (
				BB4A3648293DFC3300620796 /* MPInjector.framework in Frameworks */,
			);
			runOnlyForDeploymentPostprocessing = 0;
		};
		BB4A3629293DFC1400620796 /* Frameworks */ = {
			isa = PBXFrameworksBuildPhase;
			buildActionMask = 2147483647;
			files = (
			);
			runOnlyForDeploymentPostprocessing = 0;
		};
		BB4A3633293DFC1400620796 /* Frameworks */ = {
			isa = PBXFrameworksBuildPhase;
			buildActionMask = 2147483647;
			files = (
			);
			runOnlyForDeploymentPostprocessing = 0;
		};
		BBFBDF42289C2B3F00C66B46 /* Frameworks */ = {
			isa = PBXFrameworksBuildPhase;
			buildActionMask = 2147483647;
			files = (
			);
			runOnlyForDeploymentPostprocessing = 0;
		};
		BBFBDF4C289C2B4000C66B46 /* Frameworks */ = {
			isa = PBXFrameworksBuildPhase;
			buildActionMask = 2147483647;
			files = (
				BBFBDF50289C2B4000C66B46 /* MPInjector.framework in Frameworks */,
			);
			runOnlyForDeploymentPostprocessing = 0;
		};
/* End PBXFrameworksBuildPhase section */

/* Begin PBXGroup section */
		BB4A3618293DFC1200620796 /* Example */ = {
			isa = PBXGroup;
			children = (
				BB4A3619293DFC1200620796 /* AppDelegate.swift */,
				BB4A361B293DFC1200620796 /* SceneDelegate.swift */,
				BB4A361D293DFC1200620796 /* ViewController.swift */,
				BB4A361F293DFC1200620796 /* Main.storyboard */,
				BB4A3622293DFC1300620796 /* Assets.xcassets */,
				BB4A3624293DFC1300620796 /* LaunchScreen.storyboard */,
				BB4A3627293DFC1300620796 /* Info.plist */,
				BB4A364D293DFC6100620796 /* API.swift */,
				BB4A364F293DFCC400620796 /* Local.swift */,
				BB4A3653293DFD1D00620796 /* AppInjector.swift */,
				BB4A3655293DFE1B00620796 /* ViewModel.swift */,
			);
			path = Example;
			sourceTree = "<group>";
		};
		BB4A362F293DFC1400620796 /* ExampleTests */ = {
			isa = PBXGroup;
			children = (
				BB4A3630293DFC1400620796 /* ExampleTests.swift */,
			);
			path = ExampleTests;
			sourceTree = "<group>";
		};
		BB4A3639293DFC1400620796 /* ExampleUITests */ = {
			isa = PBXGroup;
			children = (
				BB4A363A293DFC1400620796 /* ExampleUITests.swift */,
				BB4A363C293DFC1400620796 /* ExampleUITestsLaunchTests.swift */,
			);
			path = ExampleUITests;
			sourceTree = "<group>";
		};
		BB4A3647293DFC3300620796 /* Frameworks */ = {
			isa = PBXGroup;
			children = (
			);
			name = Frameworks;
			sourceTree = "<group>";
		};
		BBFBDF3B289C2B3F00C66B46 = {
			isa = PBXGroup;
			children = (
				BBFBDF47289C2B3F00C66B46 /* MPInjector */,
				BBFBDF53289C2B4000C66B46 /* MPInjectorTests */,
				BB4A3618293DFC1200620796 /* Example */,
				BB4A362F293DFC1400620796 /* ExampleTests */,
				BB4A3639293DFC1400620796 /* ExampleUITests */,
				BBFBDF46289C2B3F00C66B46 /* Products */,
				BB4A3647293DFC3300620796 /* Frameworks */,
			);
			sourceTree = "<group>";
		};
		BBFBDF46289C2B3F00C66B46 /* Products */ = {
			isa = PBXGroup;
			children = (
				BBFBDF45289C2B3F00C66B46 /* MPInjector.framework */,
				BBFBDF4F289C2B4000C66B46 /* MPInjectorTests.xctest */,
				BB4A3617293DFC1200620796 /* Example.app */,
				BB4A362C293DFC1400620796 /* ExampleTests.xctest */,
				BB4A3636293DFC1400620796 /* ExampleUITests.xctest */,
			);
			name = Products;
			sourceTree = "<group>";
		};
		BBFBDF47289C2B3F00C66B46 /* MPInjector */ = {
			isa = PBXGroup;
			children = (
				BBFBDF63289C2B6F00C66B46 /* Component.swift */,
				BBFBDF60289C2B6F00C66B46 /* ComponentProtocol.swift */,
				BBFBDF64289C2B6F00C66B46 /* Lifetime.swift */,
				BBFBDF62289C2B6F00C66B46 /* MPInjector.swift */,
				BBFBDF5F289C2B6F00C66B46 /* MPInjector+Errors.swift */,
				BBFBDF61289C2B6F00C66B46 /* MPInjector+PropertyWrappers.swift */,
				BBFBDF48289C2B3F00C66B46 /* MPInjector.h */,
			);
			path = MPInjector;
			sourceTree = "<group>";
		};
		BBFBDF53289C2B4000C66B46 /* MPInjectorTests */ = {
			isa = PBXGroup;
			children = (
				BBFBDF6B289C2B7A00C66B46 /* SimpleClass.swift */,
				BBFBDF54289C2B4000C66B46 /* MPInjectorTests.swift */,
			);
			path = MPInjectorTests;
			sourceTree = "<group>";
		};
/* End PBXGroup section */

/* Begin PBXHeadersBuildPhase section */
		BBFBDF40289C2B3F00C66B46 /* Headers */ = {
			isa = PBXHeadersBuildPhase;
			buildActionMask = 2147483647;
			files = (
				BBFBDF56289C2B4000C66B46 /* MPInjector.h in Headers */,
			);
			runOnlyForDeploymentPostprocessing = 0;
		};
/* End PBXHeadersBuildPhase section */

/* Begin PBXNativeTarget section */
		BB4A3616293DFC1200620796 /* Example */ = {
			isa = PBXNativeTarget;
			buildConfigurationList = BB4A3644293DFC1400620796 /* Build configuration list for PBXNativeTarget "Example" */;
			buildPhases = (
				BB4A3613293DFC1200620796 /* Sources */,
				BB4A3614293DFC1200620796 /* Frameworks */,
				BB4A3615293DFC1200620796 /* Resources */,
				BB4A364C293DFC3400620796 /* Embed Frameworks */,
			);
			buildRules = (
			);
			dependencies = (
				BB4A364B293DFC3400620796 /* PBXTargetDependency */,
			);
			name = Example;
			productName = Example;
			productReference = BB4A3617293DFC1200620796 /* Example.app */;
			productType = "com.apple.product-type.application";
		};
		BB4A362B293DFC1400620796 /* ExampleTests */ = {
			isa = PBXNativeTarget;
			buildConfigurationList = BB4A3645293DFC1400620796 /* Build configuration list for PBXNativeTarget "ExampleTests" */;
			buildPhases = (
				BB4A3628293DFC1400620796 /* Sources */,
				BB4A3629293DFC1400620796 /* Frameworks */,
				BB4A362A293DFC1400620796 /* Resources */,
			);
			buildRules = (
			);
			dependencies = (
				BB4A362E293DFC1400620796 /* PBXTargetDependency */,
			);
			name = ExampleTests;
			productName = ExampleTests;
			productReference = BB4A362C293DFC1400620796 /* ExampleTests.xctest */;
			productType = "com.apple.product-type.bundle.unit-test";
		};
		BB4A3635293DFC1400620796 /* ExampleUITests */ = {
			isa = PBXNativeTarget;
			buildConfigurationList = BB4A3646293DFC1400620796 /* Build configuration list for PBXNativeTarget "ExampleUITests" */;
			buildPhases = (
				BB4A3632293DFC1400620796 /* Sources */,
				BB4A3633293DFC1400620796 /* Frameworks */,
				BB4A3634293DFC1400620796 /* Resources */,
			);
			buildRules = (
			);
			dependencies = (
				BB4A3638293DFC1400620796 /* PBXTargetDependency */,
			);
			name = ExampleUITests;
			productName = ExampleUITests;
			productReference = BB4A3636293DFC1400620796 /* ExampleUITests.xctest */;
			productType = "com.apple.product-type.bundle.ui-testing";
		};
		BBFBDF44289C2B3F00C66B46 /* MPInjector */ = {
			isa = PBXNativeTarget;
			buildConfigurationList = BBFBDF59289C2B4000C66B46 /* Build configuration list for PBXNativeTarget "MPInjector" */;
			buildPhases = (
				BBFBDF40289C2B3F00C66B46 /* Headers */,
				BBFBDF41289C2B3F00C66B46 /* Sources */,
				BBFBDF42289C2B3F00C66B46 /* Frameworks */,
				BBFBDF43289C2B3F00C66B46 /* Resources */,
			);
			buildRules = (
			);
			dependencies = (
			);
			name = MPInjector;
			productName = TinyInjector;
			productReference = BBFBDF45289C2B3F00C66B46 /* MPInjector.framework */;
			productType = "com.apple.product-type.framework";
		};
		BBFBDF4E289C2B4000C66B46 /* MPInjectorTests */ = {
			isa = PBXNativeTarget;
			buildConfigurationList = BBFBDF5C289C2B4000C66B46 /* Build configuration list for PBXNativeTarget "MPInjectorTests" */;
			buildPhases = (
				BBFBDF4B289C2B4000C66B46 /* Sources */,
				BBFBDF4C289C2B4000C66B46 /* Frameworks */,
				BBFBDF4D289C2B4000C66B46 /* Resources */,
			);
			buildRules = (
			);
			dependencies = (
				BBFBDF52289C2B4000C66B46 /* PBXTargetDependency */,
			);
			name = MPInjectorTests;
			productName = TinyInjectorTests;
			productReference = BBFBDF4F289C2B4000C66B46 /* MPInjectorTests.xctest */;
			productType = "com.apple.product-type.bundle.unit-test";
		};
/* End PBXNativeTarget section */

/* Begin PBXProject section */
		BBFBDF3C289C2B3F00C66B46 /* Project object */ = {
			isa = PBXProject;
			attributes = {
				BuildIndependentTargetsInParallel = 1;
				LastSwiftUpdateCheck = 1400;
				LastUpgradeCheck = 1320;
				TargetAttributes = {
					BB4A3616293DFC1200620796 = {
						CreatedOnToolsVersion = 14.0.1;
					};
					BB4A362B293DFC1400620796 = {
						CreatedOnToolsVersion = 14.0.1;
						TestTargetID = BB4A3616293DFC1200620796;
					};
					BB4A3635293DFC1400620796 = {
						CreatedOnToolsVersion = 14.0.1;
						TestTargetID = BB4A3616293DFC1200620796;
					};
					BBFBDF44289C2B3F00C66B46 = {
						CreatedOnToolsVersion = 13.2.1;
					};
					BBFBDF4E289C2B4000C66B46 = {
						CreatedOnToolsVersion = 13.2.1;
					};
				};
			};
			buildConfigurationList = BBFBDF3F289C2B3F00C66B46 /* Build configuration list for PBXProject "MPInjector" */;
			compatibilityVersion = "Xcode 13.0";
			developmentRegion = en;
			hasScannedForEncodings = 0;
			knownRegions = (
				en,
				Base,
			);
			mainGroup = BBFBDF3B289C2B3F00C66B46;
			productRefGroup = BBFBDF46289C2B3F00C66B46 /* Products */;
			projectDirPath = "";
			projectRoot = "";
			targets = (
				BBFBDF44289C2B3F00C66B46 /* MPInjector */,
				BBFBDF4E289C2B4000C66B46 /* MPInjectorTests */,
				BB4A3616293DFC1200620796 /* Example */,
				BB4A362B293DFC1400620796 /* ExampleTests */,
				BB4A3635293DFC1400620796 /* ExampleUITests */,
			);
		};
/* End PBXProject section */

/* Begin PBXResourcesBuildPhase section */
		BB4A3615293DFC1200620796 /* Resources */ = {
			isa = PBXResourcesBuildPhase;
			buildActionMask = 2147483647;
			files = (
				BB4A3626293DFC1300620796 /* LaunchScreen.storyboard in Resources */,
				BB4A3623293DFC1300620796 /* Assets.xcassets in Resources */,
				BB4A3621293DFC1200620796 /* Main.storyboard in Resources */,
			);
			runOnlyForDeploymentPostprocessing = 0;
		};
		BB4A362A293DFC1400620796 /* Resources */ = {
			isa = PBXResourcesBuildPhase;
			buildActionMask = 2147483647;
			files = (
			);
			runOnlyForDeploymentPostprocessing = 0;
		};
		BB4A3634293DFC1400620796 /* Resources */ = {
			isa = PBXResourcesBuildPhase;
			buildActionMask = 2147483647;
			files = (
			);
			runOnlyForDeploymentPostprocessing = 0;
		};
		BBFBDF43289C2B3F00C66B46 /* Resources */ = {
			isa = PBXResourcesBuildPhase;
			buildActionMask = 2147483647;
			files = (
			);
			runOnlyForDeploymentPostprocessing = 0;
		};
		BBFBDF4D289C2B4000C66B46 /* Resources */ = {
			isa = PBXResourcesBuildPhase;
			buildActionMask = 2147483647;
			files = (
			);
			runOnlyForDeploymentPostprocessing = 0;
		};
/* End PBXResourcesBuildPhase section */

/* Begin PBXSourcesBuildPhase section */
		BB4A3613293DFC1200620796 /* Sources */ = {
			isa = PBXSourcesBuildPhase;
			buildActionMask = 2147483647;
			files = (
				BB4A364E293DFC6100620796 /* API.swift in Sources */,
				BB4A3654293DFD1D00620796 /* AppInjector.swift in Sources */,
				BB4A361E293DFC1200620796 /* ViewController.swift in Sources */,
				BB4A361A293DFC1200620796 /* AppDelegate.swift in Sources */,
				BB4A361C293DFC1200620796 /* SceneDelegate.swift in Sources */,
				BB4A3650293DFCC400620796 /* Local.swift in Sources */,
				BB4A3656293DFE1B00620796 /* ViewModel.swift in Sources */,
			);
			runOnlyForDeploymentPostprocessing = 0;
		};
		BB4A3628293DFC1400620796 /* Sources */ = {
			isa = PBXSourcesBuildPhase;
			buildActionMask = 2147483647;
			files = (
				BB4A3631293DFC1400620796 /* ExampleTests.swift in Sources */,
			);
			runOnlyForDeploymentPostprocessing = 0;
		};
		BB4A3632293DFC1400620796 /* Sources */ = {
			isa = PBXSourcesBuildPhase;
			buildActionMask = 2147483647;
			files = (
				BB4A363B293DFC1400620796 /* ExampleUITests.swift in Sources */,
				BB4A363D293DFC1400620796 /* ExampleUITestsLaunchTests.swift in Sources */,
			);
			runOnlyForDeploymentPostprocessing = 0;
		};
		BBFBDF41289C2B3F00C66B46 /* Sources */ = {
			isa = PBXSourcesBuildPhase;
			buildActionMask = 2147483647;
			files = (
				BBFBDF67289C2B6F00C66B46 /* MPInjector+PropertyWrappers.swift in Sources */,
				BBFBDF69289C2B6F00C66B46 /* Component.swift in Sources */,
				BBFBDF66289C2B6F00C66B46 /* ComponentProtocol.swift in Sources */,
				BBFBDF6A289C2B6F00C66B46 /* Lifetime.swift in Sources */,
				BBFBDF65289C2B6F00C66B46 /* MPInjector+Errors.swift in Sources */,
				BBFBDF68289C2B6F00C66B46 /* MPInjector.swift in Sources */,
			);
			runOnlyForDeploymentPostprocessing = 0;
		};
		BBFBDF4B289C2B4000C66B46 /* Sources */ = {
			isa = PBXSourcesBuildPhase;
			buildActionMask = 2147483647;
			files = (
				BBFBDF6C289C2B7A00C66B46 /* SimpleClass.swift in Sources */,
				BBFBDF55289C2B4000C66B46 /* MPInjectorTests.swift in Sources */,
			);
			runOnlyForDeploymentPostprocessing = 0;
		};
/* End PBXSourcesBuildPhase section */

/* Begin PBXTargetDependency section */
		BB4A362E293DFC1400620796 /* PBXTargetDependency */ = {
			isa = PBXTargetDependency;
			target = BB4A3616293DFC1200620796 /* Example */;
			targetProxy = BB4A362D293DFC1400620796 /* PBXContainerItemProxy */;
		};
		BB4A3638293DFC1400620796 /* PBXTargetDependency */ = {
			isa = PBXTargetDependency;
			target = BB4A3616293DFC1200620796 /* Example */;
			targetProxy = BB4A3637293DFC1400620796 /* PBXContainerItemProxy */;
		};
		BB4A364B293DFC3400620796 /* PBXTargetDependency */ = {
			isa = PBXTargetDependency;
			target = BBFBDF44289C2B3F00C66B46 /* MPInjector */;
			targetProxy = BB4A364A293DFC3400620796 /* PBXContainerItemProxy */;
		};
		BBFBDF52289C2B4000C66B46 /* PBXTargetDependency */ = {
			isa = PBXTargetDependency;
			target = BBFBDF44289C2B3F00C66B46 /* MPInjector */;
			targetProxy = BBFBDF51289C2B4000C66B46 /* PBXContainerItemProxy */;
		};
/* End PBXTargetDependency section */

/* Begin PBXVariantGroup section */
		BB4A361F293DFC1200620796 /* Main.storyboard */ = {
			isa = PBXVariantGroup;
			children = (
				BB4A3620293DFC1200620796 /* Base */,
			);
			name = Main.storyboard;
			sourceTree = "<group>";
		};
		BB4A3624293DFC1300620796 /* LaunchScreen.storyboard */ = {
			isa = PBXVariantGroup;
			children = (
				BB4A3625293DFC1300620796 /* Base */,
			);
			name = LaunchScreen.storyboard;
			sourceTree = "<group>";
		};
/* End PBXVariantGroup section */

/* Begin XCBuildConfiguration section */
		BB4A363E293DFC1400620796 /* Debug */ = {
			isa = XCBuildConfiguration;
			buildSettings = {
				ASSETCATALOG_COMPILER_APPICON_NAME = AppIcon;
				ASSETCATALOG_COMPILER_GLOBAL_ACCENT_COLOR_NAME = AccentColor;
				CLANG_CXX_LANGUAGE_STANDARD = "gnu++20";
				CODE_SIGN_STYLE = Automatic;
				CURRENT_PROJECT_VERSION = 1;
				GENERATE_INFOPLIST_FILE = YES;
				INFOPLIST_FILE = Example/Info.plist;
				INFOPLIST_KEY_UIApplicationSupportsIndirectInputEvents = YES;
				INFOPLIST_KEY_UILaunchStoryboardName = LaunchScreen;
				INFOPLIST_KEY_UIMainStoryboardFile = Main;
				INFOPLIST_KEY_UISupportedInterfaceOrientations_iPad = "UIInterfaceOrientationPortrait UIInterfaceOrientationPortraitUpsideDown UIInterfaceOrientationLandscapeLeft UIInterfaceOrientationLandscapeRight";
				INFOPLIST_KEY_UISupportedInterfaceOrientations_iPhone = "UIInterfaceOrientationPortrait UIInterfaceOrientationLandscapeLeft UIInterfaceOrientationLandscapeRight";
				IPHONEOS_DEPLOYMENT_TARGET = 13.0;
				LD_RUNPATH_SEARCH_PATHS = (
					"$(inherited)",
					"@executable_path/Frameworks",
				);
				MARKETING_VERSION = 1.0;
				PRODUCT_BUNDLE_IDENTIFIER = com.manhpham.Example;
				PRODUCT_NAME = "$(TARGET_NAME)";
				SWIFT_EMIT_LOC_STRINGS = YES;
				SWIFT_VERSION = 5.0;
				TARGETED_DEVICE_FAMILY = "1,2";
			};
			name = Debug;
		};
		BB4A363F293DFC1400620796 /* Release */ = {
			isa = XCBuildConfiguration;
			buildSettings = {
				ASSETCATALOG_COMPILER_APPICON_NAME = AppIcon;
				ASSETCATALOG_COMPILER_GLOBAL_ACCENT_COLOR_NAME = AccentColor;
				CLANG_CXX_LANGUAGE_STANDARD = "gnu++20";
				CODE_SIGN_STYLE = Automatic;
				CURRENT_PROJECT_VERSION = 1;
				GENERATE_INFOPLIST_FILE = YES;
				INFOPLIST_FILE = Example/Info.plist;
				INFOPLIST_KEY_UIApplicationSupportsIndirectInputEvents = YES;
				INFOPLIST_KEY_UILaunchStoryboardName = LaunchScreen;
				INFOPLIST_KEY_UIMainStoryboardFile = Main;
				INFOPLIST_KEY_UISupportedInterfaceOrientations_iPad = "UIInterfaceOrientationPortrait UIInterfaceOrientationPortraitUpsideDown UIInterfaceOrientationLandscapeLeft UIInterfaceOrientationLandscapeRight";
				INFOPLIST_KEY_UISupportedInterfaceOrientations_iPhone = "UIInterfaceOrientationPortrait UIInterfaceOrientationLandscapeLeft UIInterfaceOrientationLandscapeRight";
				IPHONEOS_DEPLOYMENT_TARGET = 13.0;
				LD_RUNPATH_SEARCH_PATHS = (
					"$(inherited)",
					"@executable_path/Frameworks",
				);
				MARKETING_VERSION = 1.0;
				PRODUCT_BUNDLE_IDENTIFIER = com.manhpham.Example;
				PRODUCT_NAME = "$(TARGET_NAME)";
				SWIFT_EMIT_LOC_STRINGS = YES;
				SWIFT_VERSION = 5.0;
				TARGETED_DEVICE_FAMILY = "1,2";
			};
			name = Release;
		};
		BB4A3640293DFC1400620796 /* Debug */ = {
			isa = XCBuildConfiguration;
			buildSettings = {
				ALWAYS_EMBED_SWIFT_STANDARD_LIBRARIES = YES;
				BUNDLE_LOADER = "$(TEST_HOST)";
				CLANG_CXX_LANGUAGE_STANDARD = "gnu++20";
				CODE_SIGN_STYLE = Automatic;
				CURRENT_PROJECT_VERSION = 1;
				GENERATE_INFOPLIST_FILE = YES;
				IPHONEOS_DEPLOYMENT_TARGET = 16.0;
				MARKETING_VERSION = 1.0;
				PRODUCT_BUNDLE_IDENTIFIER = com.manhpham.ExampleTests;
				PRODUCT_NAME = "$(TARGET_NAME)";
				SWIFT_EMIT_LOC_STRINGS = NO;
				SWIFT_VERSION = 5.0;
				TARGETED_DEVICE_FAMILY = "1,2";
				TEST_HOST = "$(BUILT_PRODUCTS_DIR)/Example.app/$(BUNDLE_EXECUTABLE_FOLDER_PATH)/Example";
			};
			name = Debug;
		};
		BB4A3641293DFC1400620796 /* Release */ = {
			isa = XCBuildConfiguration;
			buildSettings = {
				ALWAYS_EMBED_SWIFT_STANDARD_LIBRARIES = YES;
				BUNDLE_LOADER = "$(TEST_HOST)";
				CLANG_CXX_LANGUAGE_STANDARD = "gnu++20";
				CODE_SIGN_STYLE = Automatic;
				CURRENT_PROJECT_VERSION = 1;
				GENERATE_INFOPLIST_FILE = YES;
				IPHONEOS_DEPLOYMENT_TARGET = 16.0;
				MARKETING_VERSION = 1.0;
				PRODUCT_BUNDLE_IDENTIFIER = com.manhpham.ExampleTests;
				PRODUCT_NAME = "$(TARGET_NAME)";
				SWIFT_EMIT_LOC_STRINGS = NO;
				SWIFT_VERSION = 5.0;
				TARGETED_DEVICE_FAMILY = "1,2";
				TEST_HOST = "$(BUILT_PRODUCTS_DIR)/Example.app/$(BUNDLE_EXECUTABLE_FOLDER_PATH)/Example";
			};
			name = Release;
		};
		BB4A3642293DFC1400620796 /* Debug */ = {
			isa = XCBuildConfiguration;
			buildSettings = {
				ALWAYS_EMBED_SWIFT_STANDARD_LIBRARIES = YES;
				CLANG_CXX_LANGUAGE_STANDARD = "gnu++20";
				CODE_SIGN_STYLE = Automatic;
				CURRENT_PROJECT_VERSION = 1;
				GENERATE_INFOPLIST_FILE = YES;
				IPHONEOS_DEPLOYMENT_TARGET = 16.0;
				MARKETING_VERSION = 1.0;
				PRODUCT_BUNDLE_IDENTIFIER = com.manhpham.ExampleUITests;
				PRODUCT_NAME = "$(TARGET_NAME)";
				SWIFT_EMIT_LOC_STRINGS = NO;
				SWIFT_VERSION = 5.0;
				TARGETED_DEVICE_FAMILY = "1,2";
				TEST_TARGET_NAME = Example;
			};
			name = Debug;
		};
		BB4A3643293DFC1400620796 /* Release */ = {
			isa = XCBuildConfiguration;
			buildSettings = {
				ALWAYS_EMBED_SWIFT_STANDARD_LIBRARIES = YES;
				CLANG_CXX_LANGUAGE_STANDARD = "gnu++20";
				CODE_SIGN_STYLE = Automatic;
				CURRENT_PROJECT_VERSION = 1;
				GENERATE_INFOPLIST_FILE = YES;
				IPHONEOS_DEPLOYMENT_TARGET = 16.0;
				MARKETING_VERSION = 1.0;
				PRODUCT_BUNDLE_IDENTIFIER = com.manhpham.ExampleUITests;
				PRODUCT_NAME = "$(TARGET_NAME)";
				SWIFT_EMIT_LOC_STRINGS = NO;
				SWIFT_VERSION = 5.0;
				TARGETED_DEVICE_FAMILY = "1,2";
				TEST_TARGET_NAME = Example;
			};
			name = Release;
		};
		BBFBDF57289C2B4000C66B46 /* Debug */ = {
			isa = XCBuildConfiguration;
			buildSettings = {
				ALWAYS_SEARCH_USER_PATHS = NO;
				CLANG_ANALYZER_NONNULL = YES;
				CLANG_ANALYZER_NUMBER_OBJECT_CONVERSION = YES_AGGRESSIVE;
				CLANG_CXX_LANGUAGE_STANDARD = "gnu++17";
				CLANG_CXX_LIBRARY = "libc++";
				CLANG_ENABLE_MODULES = YES;
				CLANG_ENABLE_OBJC_ARC = YES;
				CLANG_ENABLE_OBJC_WEAK = YES;
				CLANG_WARN_BLOCK_CAPTURE_AUTORELEASING = YES;
				CLANG_WARN_BOOL_CONVERSION = YES;
				CLANG_WARN_COMMA = YES;
				CLANG_WARN_CONSTANT_CONVERSION = YES;
				CLANG_WARN_DEPRECATED_OBJC_IMPLEMENTATIONS = YES;
				CLANG_WARN_DIRECT_OBJC_ISA_USAGE = YES_ERROR;
				CLANG_WARN_DOCUMENTATION_COMMENTS = YES;
				CLANG_WARN_EMPTY_BODY = YES;
				CLANG_WARN_ENUM_CONVERSION = YES;
				CLANG_WARN_INFINITE_RECURSION = YES;
				CLANG_WARN_INT_CONVERSION = YES;
				CLANG_WARN_NON_LITERAL_NULL_CONVERSION = YES;
				CLANG_WARN_OBJC_IMPLICIT_RETAIN_SELF = YES;
				CLANG_WARN_OBJC_LITERAL_CONVERSION = YES;
				CLANG_WARN_OBJC_ROOT_CLASS = YES_ERROR;
				CLANG_WARN_QUOTED_INCLUDE_IN_FRAMEWORK_HEADER = YES;
				CLANG_WARN_RANGE_LOOP_ANALYSIS = YES;
				CLANG_WARN_STRICT_PROTOTYPES = YES;
				CLANG_WARN_SUSPICIOUS_MOVE = YES;
				CLANG_WARN_UNGUARDED_AVAILABILITY = YES_AGGRESSIVE;
				CLANG_WARN_UNREACHABLE_CODE = YES;
				CLANG_WARN__DUPLICATE_METHOD_MATCH = YES;
				COPY_PHASE_STRIP = NO;
				CURRENT_PROJECT_VERSION = 1;
				DEBUG_INFORMATION_FORMAT = dwarf;
				ENABLE_STRICT_OBJC_MSGSEND = YES;
				ENABLE_TESTABILITY = YES;
				GCC_C_LANGUAGE_STANDARD = gnu11;
				GCC_DYNAMIC_NO_PIC = NO;
				GCC_NO_COMMON_BLOCKS = YES;
				GCC_OPTIMIZATION_LEVEL = 0;
				GCC_PREPROCESSOR_DEFINITIONS = (
					"DEBUG=1",
					"$(inherited)",
				);
				GCC_WARN_64_TO_32_BIT_CONVERSION = YES;
				GCC_WARN_ABOUT_RETURN_TYPE = YES_ERROR;
				GCC_WARN_UNDECLARED_SELECTOR = YES;
				GCC_WARN_UNINITIALIZED_AUTOS = YES_AGGRESSIVE;
				GCC_WARN_UNUSED_FUNCTION = YES;
				GCC_WARN_UNUSED_VARIABLE = YES;
				IPHONEOS_DEPLOYMENT_TARGET = 15.2;
				MTL_ENABLE_DEBUG_INFO = INCLUDE_SOURCE;
				MTL_FAST_MATH = YES;
				ONLY_ACTIVE_ARCH = YES;
				SDKROOT = iphoneos;
				SWIFT_ACTIVE_COMPILATION_CONDITIONS = DEBUG;
				SWIFT_OPTIMIZATION_LEVEL = "-Onone";
				VERSIONING_SYSTEM = "apple-generic";
				VERSION_INFO_PREFIX = "";
			};
			name = Debug;
		};
		BBFBDF58289C2B4000C66B46 /* Release */ = {
			isa = XCBuildConfiguration;
			buildSettings = {
				ALWAYS_SEARCH_USER_PATHS = NO;
				CLANG_ANALYZER_NONNULL = YES;
				CLANG_ANALYZER_NUMBER_OBJECT_CONVERSION = YES_AGGRESSIVE;
				CLANG_CXX_LANGUAGE_STANDARD = "gnu++17";
				CLANG_CXX_LIBRARY = "libc++";
				CLANG_ENABLE_MODULES = YES;
				CLANG_ENABLE_OBJC_ARC = YES;
				CLANG_ENABLE_OBJC_WEAK = YES;
				CLANG_WARN_BLOCK_CAPTURE_AUTORELEASING = YES;
				CLANG_WARN_BOOL_CONVERSION = YES;
				CLANG_WARN_COMMA = YES;
				CLANG_WARN_CONSTANT_CONVERSION = YES;
				CLANG_WARN_DEPRECATED_OBJC_IMPLEMENTATIONS = YES;
				CLANG_WARN_DIRECT_OBJC_ISA_USAGE = YES_ERROR;
				CLANG_WARN_DOCUMENTATION_COMMENTS = YES;
				CLANG_WARN_EMPTY_BODY = YES;
				CLANG_WARN_ENUM_CONVERSION = YES;
				CLANG_WARN_INFINITE_RECURSION = YES;
				CLANG_WARN_INT_CONVERSION = YES;
				CLANG_WARN_NON_LITERAL_NULL_CONVERSION = YES;
				CLANG_WARN_OBJC_IMPLICIT_RETAIN_SELF = YES;
				CLANG_WARN_OBJC_LITERAL_CONVERSION = YES;
				CLANG_WARN_OBJC_ROOT_CLASS = YES_ERROR;
				CLANG_WARN_QUOTED_INCLUDE_IN_FRAMEWORK_HEADER = YES;
				CLANG_WARN_RANGE_LOOP_ANALYSIS = YES;
				CLANG_WARN_STRICT_PROTOTYPES = YES;
				CLANG_WARN_SUSPICIOUS_MOVE = YES;
				CLANG_WARN_UNGUARDED_AVAILABILITY = YES_AGGRESSIVE;
				CLANG_WARN_UNREACHABLE_CODE = YES;
				CLANG_WARN__DUPLICATE_METHOD_MATCH = YES;
				COPY_PHASE_STRIP = NO;
				CURRENT_PROJECT_VERSION = 1;
				DEBUG_INFORMATION_FORMAT = "dwarf-with-dsym";
				ENABLE_NS_ASSERTIONS = NO;
				ENABLE_STRICT_OBJC_MSGSEND = YES;
				GCC_C_LANGUAGE_STANDARD = gnu11;
				GCC_NO_COMMON_BLOCKS = YES;
				GCC_WARN_64_TO_32_BIT_CONVERSION = YES;
				GCC_WARN_ABOUT_RETURN_TYPE = YES_ERROR;
				GCC_WARN_UNDECLARED_SELECTOR = YES;
				GCC_WARN_UNINITIALIZED_AUTOS = YES_AGGRESSIVE;
				GCC_WARN_UNUSED_FUNCTION = YES;
				GCC_WARN_UNUSED_VARIABLE = YES;
				IPHONEOS_DEPLOYMENT_TARGET = 15.2;
				MTL_ENABLE_DEBUG_INFO = NO;
				MTL_FAST_MATH = YES;
				SDKROOT = iphoneos;
				SWIFT_COMPILATION_MODE = wholemodule;
				SWIFT_OPTIMIZATION_LEVEL = "-O";
				VALIDATE_PRODUCT = YES;
				VERSIONING_SYSTEM = "apple-generic";
				VERSION_INFO_PREFIX = "";
			};
			name = Release;
		};
		BBFBDF5A289C2B4000C66B46 /* Debug */ = {
			isa = XCBuildConfiguration;
			buildSettings = {
				CODE_SIGN_STYLE = Automatic;
				CURRENT_PROJECT_VERSION = 1;
				DEFINES_MODULE = YES;
				DYLIB_COMPATIBILITY_VERSION = 1;
				DYLIB_CURRENT_VERSION = 1;
				DYLIB_INSTALL_NAME_BASE = "@rpath";
				GENERATE_INFOPLIST_FILE = YES;
				INFOPLIST_KEY_NSHumanReadableCopyright = "";
				INSTALL_PATH = "$(LOCAL_LIBRARY_DIR)/Frameworks";
				IPHONEOS_DEPLOYMENT_TARGET = 12.0;
				LD_RUNPATH_SEARCH_PATHS = (
					"$(inherited)",
					"@executable_path/Frameworks",
					"@loader_path/Frameworks",
				);
				MARKETING_VERSION = 1.0;
				PRODUCT_BUNDLE_IDENTIFIER = com.io.MPInjector;
				PRODUCT_NAME = "$(TARGET_NAME:c99extidentifier)";
				SKIP_INSTALL = YES;
				SWIFT_EMIT_LOC_STRINGS = YES;
				SWIFT_VERSION = 5.0;
				TARGETED_DEVICE_FAMILY = "1,2";
			};
			name = Debug;
		};
		BBFBDF5B289C2B4000C66B46 /* Release */ = {
			isa = XCBuildConfiguration;
			buildSettings = {
				CODE_SIGN_STYLE = Automatic;
				CURRENT_PROJECT_VERSION = 1;
				DEFINES_MODULE = YES;
				DYLIB_COMPATIBILITY_VERSION = 1;
				DYLIB_CURRENT_VERSION = 1;
				DYLIB_INSTALL_NAME_BASE = "@rpath";
				GENERATE_INFOPLIST_FILE = YES;
				INFOPLIST_KEY_NSHumanReadableCopyright = "";
				INSTALL_PATH = "$(LOCAL_LIBRARY_DIR)/Frameworks";
				IPHONEOS_DEPLOYMENT_TARGET = 12.0;
				LD_RUNPATH_SEARCH_PATHS = (
					"$(inherited)",
					"@executable_path/Frameworks",
					"@loader_path/Frameworks",
				);
				MARKETING_VERSION = 1.0;
				PRODUCT_BUNDLE_IDENTIFIER = com.io.MPInjector;
				PRODUCT_NAME = "$(TARGET_NAME:c99extidentifier)";
				SKIP_INSTALL = YES;
				SWIFT_EMIT_LOC_STRINGS = YES;
				SWIFT_VERSION = 5.0;
				TARGETED_DEVICE_FAMILY = "1,2";
			};
			name = Release;
		};
		BBFBDF5D289C2B4000C66B46 /* Debug */ = {
			isa = XCBuildConfiguration;
			buildSettings = {
				ALWAYS_EMBED_SWIFT_STANDARD_LIBRARIES = YES;
				CODE_SIGN_IDENTITY = "Apple Development";
				"CODE_SIGN_IDENTITY[sdk=macosx*]" = "Apple Development";
				CODE_SIGN_STYLE = Automatic;
				CURRENT_PROJECT_VERSION = 1;
				DEVELOPMENT_TEAM = "";
				GENERATE_INFOPLIST_FILE = YES;
				MARKETING_VERSION = 1.0;
				PRODUCT_BUNDLE_IDENTIFIER = com.io.MPInjectorTests;
				PRODUCT_NAME = "$(TARGET_NAME)";
				PROVISIONING_PROFILE_SPECIFIER = "";
				"PROVISIONING_PROFILE_SPECIFIER[sdk=macosx*]" = "";
				SWIFT_EMIT_LOC_STRINGS = NO;
				SWIFT_VERSION = 5.0;
				TARGETED_DEVICE_FAMILY = "1,2";
			};
			name = Debug;
		};
		BBFBDF5E289C2B4000C66B46 /* Release */ = {
			isa = XCBuildConfiguration;
			buildSettings = {
				ALWAYS_EMBED_SWIFT_STANDARD_LIBRARIES = YES;
				CODE_SIGN_IDENTITY = "Apple Development";
				"CODE_SIGN_IDENTITY[sdk=macosx*]" = "Apple Development";
				CODE_SIGN_STYLE = Automatic;
				CURRENT_PROJECT_VERSION = 1;
				DEVELOPMENT_TEAM = "";
				GENERATE_INFOPLIST_FILE = YES;
				MARKETING_VERSION = 1.0;
				PRODUCT_BUNDLE_IDENTIFIER = com.io.MPInjectorTests;
				PRODUCT_NAME = "$(TARGET_NAME)";
				PROVISIONING_PROFILE_SPECIFIER = "";
				"PROVISIONING_PROFILE_SPECIFIER[sdk=macosx*]" = "";
				SWIFT_EMIT_LOC_STRINGS = NO;
				SWIFT_VERSION = 5.0;
				TARGETED_DEVICE_FAMILY = "1,2";
			};
			name = Release;
		};
/* End XCBuildConfiguration section */

/* Begin XCConfigurationList section */
		BB4A3644293DFC1400620796 /* Build configuration list for PBXNativeTarget "Example" */ = {
			isa = XCConfigurationList;
			buildConfigurations = (
				BB4A363E293DFC1400620796 /* Debug */,
				BB4A363F293DFC1400620796 /* Release */,
			);
			defaultConfigurationIsVisible = 0;
			defaultConfigurationName = Release;
		};
		BB4A3645293DFC1400620796 /* Build configuration list for PBXNativeTarget "ExampleTests" */ = {
			isa = XCConfigurationList;
			buildConfigurations = (
				BB4A3640293DFC1400620796 /* Debug */,
				BB4A3641293DFC1400620796 /* Release */,
			);
			defaultConfigurationIsVisible = 0;
			defaultConfigurationName = Release;
		};
		BB4A3646293DFC1400620796 /* Build configuration list for PBXNativeTarget "ExampleUITests" */ = {
			isa = XCConfigurationList;
			buildConfigurations = (
				BB4A3642293DFC1400620796 /* Debug */,
				BB4A3643293DFC1400620796 /* Release */,
			);
			defaultConfigurationIsVisible = 0;
			defaultConfigurationName = Release;
		};
		BBFBDF3F289C2B3F00C66B46 /* Build configuration list for PBXProject "MPInjector" */ = {
			isa = XCConfigurationList;
			buildConfigurations = (
				BBFBDF57289C2B4000C66B46 /* Debug */,
				BBFBDF58289C2B4000C66B46 /* Release */,
			);
			defaultConfigurationIsVisible = 0;
			defaultConfigurationName = Release;
		};
		BBFBDF59289C2B4000C66B46 /* Build configuration list for PBXNativeTarget "MPInjector" */ = {
			isa = XCConfigurationList;
			buildConfigurations = (
				BBFBDF5A289C2B4000C66B46 /* Debug */,
				BBFBDF5B289C2B4000C66B46 /* Release */,
			);
			defaultConfigurationIsVisible = 0;
			defaultConfigurationName = Release;
		};
		BBFBDF5C289C2B4000C66B46 /* Build configuration list for PBXNativeTarget "MPInjectorTests" */ = {
			isa = XCConfigurationList;
			buildConfigurations = (
				BBFBDF5D289C2B4000C66B46 /* Debug */,
				BBFBDF5E289C2B4000C66B46 /* Release */,
			);
			defaultConfigurationIsVisible = 0;
			defaultConfigurationName = Release;
		};
/* End XCConfigurationList section */
	};
	rootObject = BBFBDF3C289C2B3F00C66B46 /* Project object */;
}
